<?xml version="1.0" encoding="utf-8"?>
<Project ToolsVersion="15.0" xmlns="http://schemas.microsoft.com/developer/msbuild/2003">
  <ItemGroup>
    <ClCompile Include="C:\Users\Mice Army\openpose\python\openpose\openpose_python.cpp">
      <Filter>Source Files</Filter>
    </ClCompile>
  </ItemGroup>
  <ItemGroup>
    <Filter Include="Source Files">
      <UniqueIdentifier>{1978766D-9981-3248-9640-860FA72C9AEF}</UniqueIdentifier>
    </Filter>
  </ItemGroup>
</Project>
